
Microsoft Visual Studio Solution File, Format Version 12.00
# Visual Studio Version 16
VisualStudioVersion = 16.0.32510.428
MinimumVisualStudioVersion = 10.0.40219.1
Project("{E24C65DC-7377-472B-9ABA-BC803B73C61A}") = "ChessOlypiad", ".", "{EC991C2D-71FE-4A72-992A-9BD3A32CE737}"
	ProjectSection(WebsiteProperties) = preProject
		TargetFrameworkMoniker = ".NETFramework,Version%3Dv4.8"
		Debug.AspNetCompiler.VirtualPath = "/localhost_53352"
		Debug.AspNetCompiler.PhysicalPath = "..\ChessOlypiad\"
		Debug.AspNetCompiler.TargetPath = "PrecompiledWeb\localhost_53352\"
		Debug.AspNetCompiler.Updateable = "true"
		Debug.AspNetCompiler.ForceOverwrite = "true"
		Debug.AspNetCompiler.FixedNames = "false"
		Debug.AspNetCompiler.Debug = "True"
		Release.AspNetCompiler.VirtualPath = "/localhost_53352"
		Release.AspNetCompiler.PhysicalPath = "..\ChessOlypiad\"
		Release.AspNetCompiler.TargetPath = "PrecompiledWeb\localhost_53352\"
		Release.AspNetCompiler.Updateable = "true"
		Release.AspNetCompiler.ForceOverwrite = "true"
		Release.AspNetCompiler.FixedNames = "false"
		Release.AspNetCompiler.Debug = "False"
		VWDPort = "53352"
		SlnRelativePath = "..\ChessOlypiad\"
	EndProjectSection
EndProject
Global
	GlobalSection(SolutionConfigurationPlatforms) = preSolution
		Debug|Any CPU = Debug|Any CPU
	EndGlobalSection
	GlobalSection(ProjectConfigurationPlatforms) = postSolution
		{EC991C2D-71FE-4A72-992A-9BD3A32CE737}.Debug|Any CPU.ActiveCfg = Debug|Any CPU
		{EC991C2D-71FE-4A72-992A-9BD3A32CE737}.Debug|Any CPU.Build.0 = Debug|Any CPU
	EndGlobalSection
	GlobalSection(SolutionProperties) = preSolution
		HideSolutionNode = FALSE
	EndGlobalSection
	GlobalSection(ExtensibilityGlobals) = postSolution
		SolutionGuid = {92168017-DD89-424D-BAC5-EE70674544C9}
	EndGlobalSection
EndGlobal
